
Microsoft Visual Studio Solution File, Format Version 12.00
# Visual Studio 14
VisualStudioVersion = 14.0.22310.1
MinimumVisualStudioVersion = 10.0.40219.1
Project("{FAE04EC0-301F-11D3-BF4B-00C04F79EFBC}") = "Bank", "Bank\Bank.csproj", "{EC425B3B-D79A-4ACD-89C8-828891D151A2}"
EndProject
Project("{FAE04EC0-301F-11D3-BF4B-00C04F79EFBC}") = "Classes", "Accounts\Classes.csproj", "{27033E33-F8E9-454A-BDE7-9F8A32170929}"
EndProject
Global
	GlobalSection(SolutionConfigurationPlatforms) = preSolution
		Debug|Any CPU = Debug|Any CPU
		Release|Any CPU = Release|Any CPU
	EndGlobalSection
	GlobalSection(ProjectConfigurationPlatforms) = postSolution
		{EC425B3B-D79A-4ACD-89C8-828891D151A2}.Debug|Any CPU.ActiveCfg = Debug|Any CPU
		{EC425B3B-D79A-4ACD-89C8-828891D151A2}.Debug|Any CPU.Build.0 = Debug|Any CPU
		{EC425B3B-D79A-4ACD-89C8-828891D151A2}.Release|Any CPU.ActiveCfg = Release|Any CPU
		{EC425B3B-D79A-4ACD-89C8-828891D151A2}.Release|Any CPU.Build.0 = Release|Any CPU
		{27033E33-F8E9-454A-BDE7-9F8A32170929}.Debug|Any CPU.ActiveCfg = Debug|Any CPU
		{27033E33-F8E9-454A-BDE7-9F8A32170929}.Debug|Any CPU.Build.0 = Debug|Any CPU
		{27033E33-F8E9-454A-BDE7-9F8A32170929}.Release|Any CPU.ActiveCfg = Release|Any CPU
		{27033E33-F8E9-454A-BDE7-9F8A32170929}.Release|Any CPU.Build.0 = Release|Any CPU
	EndGlobalSection
	GlobalSection(SolutionProperties) = preSolution
		HideSolutionNode = FALSE
	EndGlobalSection
EndGlobal
